
Microsoft Visual Studio Solution File, Format Version 12.00
# Visual Studio Version 16
VisualStudioVersion = 16.0.31624.102
MinimumVisualStudioVersion = 10.0.40219.1
Project("{FAE04EC0-301F-11D3-BF4B-00C04F79EFBC}") = "AuthExample", "AuthExample\AuthExample.csproj", "{0420C6B5-812F-4B97-8703-1E59596E582F}"
EndProject
Global
	GlobalSection(SolutionConfigurationPlatforms) = preSolution
		Debug|Any CPU = Debug|Any CPU
		Release|Any CPU = Release|Any CPU
	EndGlobalSection
	GlobalSection(ProjectConfigurationPlatforms) = postSolution
		{0420C6B5-812F-4B97-8703-1E59596E582F}.Debug|Any CPU.ActiveCfg = Debug|Any CPU
		{0420C6B5-812F-4B97-8703-1E59596E582F}.Debug|Any CPU.Build.0 = Debug|Any CPU
		{0420C6B5-812F-4B97-8703-1E59596E582F}.Release|Any CPU.ActiveCfg = Release|Any CPU
		{0420C6B5-812F-4B97-8703-1E59596E582F}.Release|Any CPU.Build.0 = Release|Any CPU
	EndGlobalSection
	GlobalSection(SolutionProperties) = preSolution
		HideSolutionNode = FALSE
	EndGlobalSection
	GlobalSection(ExtensibilityGlobals) = postSolution
		SolutionGuid = {5E5EA5DF-BB02-4FFA-96ED-7AF704ED68BC}
	EndGlobalSection
EndGlobal
